platform :ios, '13.0'

use_frameworks!
use_modular_headers!

# Ensure Flutter dependencies are set up properly
flutter_export_env = File.expand_path(File.join('..', 'Flutter', 'flutter_export_environment'))
require flutter_export_env if File.exist?(flutter_export_env)

# Include the default Flutter setup
require File.expand_path(File.join('..', 'Flutter', 'pods_flutter')) if File.exist?(File.expand_path(File.join('..', 'Flutter', 'pods_flutter')))
pods_flutter = File.expand_path(File.join('..', 'Flutter', 'pods_flutter'))
require pods_flutter if File.exist?(pods_flutter)

target 'Runner' do
    require_relative '../Flutter/podhelper.rb'
    flutter_ios_podfile_setup
  install_all_flutter_pods(File.dirname(File.realpath(__FILE__)))
end
